// !$*UTF8*$!
{
	archiveVersion = 1;
	classes = {
	};
	objectVersion = 50;
	objects = {

/* Begin PBXBuildFile section */
		0704D692B263AE15AF8FD693 /* Pods_realmMigration.framework in Frameworks */ = {isa = PBXBuildFile; fileRef = 5B58B0F260F6EB899D99E0AA /* Pods_realmMigration.framework */; };
		8DB5DCD7211FF76C00A73A7A /* RealmManager.swift in Sources */ = {isa = PBXBuildFile; fileRef = 8DB5DCD6211FF76C00A73A7A /* RealmManager.swift */; };
		8DB5DCD9211FFD8900A73A7A /* Camera.swift in Sources */ = {isa = PBXBuildFile; fileRef = 8DB5DCD8211FFD8900A73A7A /* Camera.swift */; };
		8DB5DCDF21207D4500A73A7A /* Host.swift in Sources */ = {isa = PBXBuildFile; fileRef = 8DB5DCDE21207D4500A73A7A /* Host.swift */; };
		8DED3819211FE10900534DD8 /* AppDelegate.swift in Sources */ = {isa = PBXBuildFile; fileRef = 8DED3818211FE10900534DD8 /* AppDelegate.swift */; };
		8DED381B211FE10900534DD8 /* ViewController.swift in Sources */ = {isa = PBXBuildFile; fileRef = 8DED381A211FE10900534DD8 /* ViewController.swift */; };
		8DED381E211FE10900534DD8 /* Main.storyboard in Resources */ = {isa = PBXBuildFile; fileRef = 8DED381C211FE10900534DD8 /* Main.storyboard */; };
		8DED3820211FE10A00534DD8 /* Assets.xcassets in Resources */ = {isa = PBXBuildFile; fileRef = 8DED381F211FE10A00534DD8 /* Assets.xcassets */; };
		8DED3823211FE10A00534DD8 /* LaunchScreen.storyboard in Resources */ = {isa = PBXBuildFile; fileRef = 8DED3821211FE10A00534DD8 /* LaunchScreen.storyboard */; };
		8DED382B211FED8A00534DD8 /* URL+.swift in Sources */ = {isa = PBXBuildFile; fileRef = 8DED382A211FED8A00534DD8 /* URL+.swift */; };
/* End PBXBuildFile section */

/* Begin PBXFileReference section */
		3C6F883A505C7DE20EF8BFE1 /* Pods-realmMigration.debug.xcconfig */ = {isa = PBXFileReference; includeInIndex = 1; lastKnownFileType = text.xcconfig; name = "Pods-realmMigration.debug.xcconfig"; path = "Pods/Target Support Files/Pods-realmMigration/Pods-realmMigration.debug.xcconfig"; sourceTree = "<group>"; };
		5B58B0F260F6EB899D99E0AA /* Pods_realmMigration.framework */ = {isa = PBXFileReference; explicitFileType = wrapper.framework; includeInIndex = 0; path = Pods_realmMigration.framework; sourceTree = BUILT_PRODUCTS_DIR; };
		71F2D5BEC899D140C8FFE295 /* Pods-realmMigration.release.xcconfig */ = {isa = PBXFileReference; includeInIndex = 1; lastKnownFileType = text.xcconfig; name = "Pods-realmMigration.release.xcconfig"; path = "Pods/Target Support Files/Pods-realmMigration/Pods-realmMigration.release.xcconfig"; sourceTree = "<group>"; };
		8DB5DCD6211FF76C00A73A7A /* RealmManager.swift */ = {isa = PBXFileReference; lastKnownFileType = sourcecode.swift; path = RealmManager.swift; sourceTree = "<group>"; };
		8DB5DCD8211FFD8900A73A7A /* Camera.swift */ = {isa = PBXFileReference; lastKnownFileType = sourcecode.swift; path = Camera.swift; sourceTree = "<group>"; };
		8DB5DCDE21207D4500A73A7A /* Host.swift */ = {isa = PBXFileReference; lastKnownFileType = sourcecode.swift; path = Host.swift; sourceTree = "<group>"; };
		8DED3815211FE10900534DD8 /* realmMigration.app */ = {isa = PBXFileReference; explicitFileType = wrapper.application; includeInIndex = 0; path = realmMigration.app; sourceTree = BUILT_PRODUCTS_DIR; };
		8DED3818211FE10900534DD8 /* AppDelegate.swift */ = {isa = PBXFileReference; lastKnownFileType = sourcecode.swift; path = AppDelegate.swift; sourceTree = "<group>"; };
		8DED381A211FE10900534DD8 /* ViewController.swift */ = {isa = PBXFileReference; lastKnownFileType = sourcecode.swift; path = ViewController.swift; sourceTree = "<group>"; };
		8DED381D211FE10900534DD8 /* Base */ = {isa = PBXFileReference; lastKnownFileType = file.storyboard; name = Base; path = Base.lproj/Main.storyboard; sourceTree = "<group>"; };
		8DED381F211FE10A00534DD8 /* Assets.xcassets */ = {isa = PBXFileReference; lastKnownFileType = folder.assetcatalog; path = Assets.xcassets; sourceTree = "<group>"; };
		8DED3822211FE10A00534DD8 /* Base */ = {isa = PBXFileReference; lastKnownFileType = file.storyboard; name = Base; path = Base.lproj/LaunchScreen.storyboard; sourceTree = "<group>"; };
		8DED3824211FE10A00534DD8 /* Info.plist */ = {isa = PBXFileReference; lastKnownFileType = text.plist.xml; path = Info.plist; sourceTree = "<group>"; };
		8DED382A211FED8A00534DD8 /* URL+.swift */ = {isa = PBXFileReference; fileEncoding = 4; lastKnownFileType = sourcecode.swift; path = "URL+.swift"; sourceTree = "<group>"; };
/* End PBXFileReference section */

/* Begin PBXFrameworksBuildPhase section */
		8DED3812211FE10900534DD8 /* Frameworks */ = {
			isa = PBXFrameworksBuildPhase;
			buildActionMask = 2147483647;
			files = (
				0704D692B263AE15AF8FD693 /* Pods_realmMigration.framework in Frameworks */,
			);
			runOnlyForDeploymentPostprocessing = 0;
		};
/* End PBXFrameworksBuildPhase section */

/* Begin PBXGroup section */
		45B0E4916253469320904213 /* Frameworks */ = {
			isa = PBXGroup;
			children = (
				5B58B0F260F6EB899D99E0AA /* Pods_realmMigration.framework */,
			);
			name = Frameworks;
			sourceTree = "<group>";
		};
		8DB5DCE021207D5100A73A7A /* Modals */ = {
			isa = PBXGroup;
			children = (
				8DB5DCD8211FFD8900A73A7A /* Camera.swift */,
				8DB5DCDE21207D4500A73A7A /* Host.swift */,
			);
			path = Modals;
			sourceTree = "<group>";
		};
		8DED380C211FE10900534DD8 = {
			isa = PBXGroup;
			children = (
				8DED3817211FE10900534DD8 /* realmMigration */,
				8DED3816211FE10900534DD8 /* Products */,
				9FD5938898BFF38563C637C2 /* Pods */,
				45B0E4916253469320904213 /* Frameworks */,
			);
			sourceTree = "<group>";
		};
		8DED3816211FE10900534DD8 /* Products */ = {
			isa = PBXGroup;
			children = (
				8DED3815211FE10900534DD8 /* realmMigration.app */,
			);
			name = Products;
			sourceTree = "<group>";
		};
		8DED3817211FE10900534DD8 /* realmMigration */ = {
			isa = PBXGroup;
			children = (
				8DED3818211FE10900534DD8 /* AppDelegate.swift */,
				8DED381A211FE10900534DD8 /* ViewController.swift */,
				8DED382A211FED8A00534DD8 /* URL+.swift */,
				8DB5DCE021207D5100A73A7A /* Modals */,
				8DB5DCD6211FF76C00A73A7A /* RealmManager.swift */,
				8DED381C211FE10900534DD8 /* Main.storyboard */,
				8DED381F211FE10A00534DD8 /* Assets.xcassets */,
				8DED3821211FE10A00534DD8 /* LaunchScreen.storyboard */,
				8DED3824211FE10A00534DD8 /* Info.plist */,
			);
			path = realmMigration;
			sourceTree = "<group>";
		};
		9FD5938898BFF38563C637C2 /* Pods */ = {
			isa = PBXGroup;
			children = (
				3C6F883A505C7DE20EF8BFE1 /* Pods-realmMigration.debug.xcconfig */,
				71F2D5BEC899D140C8FFE295 /* Pods-realmMigration.release.xcconfig */,
			);
			name = Pods;
			sourceTree = "<group>";
		};
/* End PBXGroup section */

/* Begin PBXNativeTarget section */
		8DED3814211FE10900534DD8 /* realmMigration */ = {
			isa = PBXNativeTarget;
			buildConfigurationList = 8DED3827211FE10A00534DD8 /* Build configuration list for PBXNativeTarget "realmMigration" */;
			buildPhases = (
				3093FFA1A2EF03C58C5FCE06 /* [CP] Check Pods Manifest.lock */,
				8DED3811211FE10900534DD8 /* Sources */,
				8DED3812211FE10900534DD8 /* Frameworks */,
				8DED3813211FE10900534DD8 /* Resources */,
				A3BE70F5A1EFA3DF26455617 /* [CP] Embed Pods Frameworks */,
			);
			buildRules = (
			);
			dependencies = (
			);
			name = realmMigration;
			productName = realmMigration;
			productReference = 8DED3815211FE10900534DD8 /* realmMigration.app */;
			productType = "com.apple.product-type.application";
		};
/* End PBXNativeTarget section */

/* Begin PBXProject section */
		8DED380D211FE10900534DD8 /* Project object */ = {
			isa = PBXProject;
			attributes = {
				LastSwiftUpdateCheck = 0940;
				LastUpgradeCheck = 0940;
				ORGANIZATIONNAME = "陳劭任";
				TargetAttributes = {
					8DED3814211FE10900534DD8 = {
						CreatedOnToolsVersion = 9.4.1;
					};
				};
			};
			buildConfigurationList = 8DED3810211FE10900534DD8 /* Build configuration list for PBXProject "realmMigration" */;
			compatibilityVersion = "Xcode 9.3";
			developmentRegion = en;
			hasScannedForEncodings = 0;
			knownRegions = (
				en,
				Base,
			);
			mainGroup = 8DED380C211FE10900534DD8;
			productRefGroup = 8DED3816211FE10900534DD8 /* Products */;
			projectDirPath = "";
			projectRoot = "";
			targets = (
				8DED3814211FE10900534DD8 /* realmMigration */,
			);
		};
/* End PBXProject section */

/* Begin PBXResourcesBuildPhase section */
		8DED3813211FE10900534DD8 /* Resources */ = {
			isa = PBXResourcesBuildPhase;
			buildActionMask = 2147483647;
			files = (
				8DED3823211FE10A00534DD8 /* LaunchScreen.storyboard in Resources */,
				8DED3820211FE10A00534DD8 /* Assets.xcassets in Resources */,
				8DED381E211FE10900534DD8 /* Main.storyboard in Resources */,
			);
			runOnlyForDeploymentPostprocessing = 0;
		};
/* End PBXResourcesBuildPhase section */

/* Begin PBXShellScriptBuildPhase section */
		3093FFA1A2EF03C58C5FCE06 /* [CP] Check Pods Manifest.lock */ = {
			isa = PBXShellScriptBuildPhase;
			buildActionMask = 2147483647;
			files = (
			);
			inputPaths = (
				"${PODS_PODFILE_DIR_PATH}/Podfile.lock",
				"${PODS_ROOT}/Manifest.lock",
			);
			name = "[CP] Check Pods Manifest.lock";
			outputPaths = (
				"$(DERIVED_FILE_DIR)/Pods-realmMigration-checkManifestLockResult.txt",
			);
			runOnlyForDeploymentPostprocessing = 0;
			shellPath = /bin/sh;
			shellScript = "diff \"${PODS_PODFILE_DIR_PATH}/Podfile.lock\" \"${PODS_ROOT}/Manifest.lock\" > /dev/null\nif [ $? != 0 ] ; then\n    # print error to STDERR\n    echo \"error: The sandbox is not in sync with the Podfile.lock. Run 'pod install' or update your CocoaPods installation.\" >&2\n    exit 1\nfi\n# This output is used by Xcode 'outputs' to avoid re-running this script phase.\necho \"SUCCESS\" > \"${SCRIPT_OUTPUT_FILE_0}\"\n";
			showEnvVarsInLog = 0;
		};
		A3BE70F5A1EFA3DF26455617 /* [CP] Embed Pods Frameworks */ = {
			isa = PBXShellScriptBuildPhase;
			buildActionMask = 2147483647;
			files = (
			);
			inputPaths = (
				"${SRCROOT}/Pods/Target Support Files/Pods-realmMigration/Pods-realmMigration-frameworks.sh",
				"${BUILT_PRODUCTS_DIR}/Realm/Realm.framework",
				"${BUILT_PRODUCTS_DIR}/RealmSwift/RealmSwift.framework",
			);
			name = "[CP] Embed Pods Frameworks";
			outputPaths = (
				"${TARGET_BUILD_DIR}/${FRAMEWORKS_FOLDER_PATH}/Realm.framework",
				"${TARGET_BUILD_DIR}/${FRAMEWORKS_FOLDER_PATH}/RealmSwift.framework",
			);
			runOnlyForDeploymentPostprocessing = 0;
			shellPath = /bin/sh;
			shellScript = "\"${SRCROOT}/Pods/Target Support Files/Pods-realmMigration/Pods-realmMigration-frameworks.sh\"\n";
			showEnvVarsInLog = 0;
		};
/* End PBXShellScriptBuildPhase section */

/* Begin PBXSourcesBuildPhase section */
		8DED3811211FE10900534DD8 /* Sources */ = {
			isa = PBXSourcesBuildPhase;
			buildActionMask = 2147483647;
			files = (
				8DED381B211FE10900534DD8 /* ViewController.swift in Sources */,
				8DB5DCD9211FFD8900A73A7A /* Camera.swift in Sources */,
				8DB5DCD7211FF76C00A73A7A /* RealmManager.swift in Sources */,
				8DB5DCDF21207D4500A73A7A /* Host.swift in Sources */,
				8DED382B211FED8A00534DD8 /* URL+.swift in Sources */,
				8DED3819211FE10900534DD8 /* AppDelegate.swift in Sources */,
			);
			runOnlyForDeploymentPostprocessing = 0;
		};
/* End PBXSourcesBuildPhase section */

/* Begin PBXVariantGroup section */
		8DED381C211FE10900534DD8 /* Main.storyboard */ = {
			isa = PBXVariantGroup;
			children = (
				8DED381D211FE10900534DD8 /* Base */,
			);
			name = Main.storyboard;
			sourceTree = "<group>";
		};
		8DED3821211FE10A00534DD8 /* LaunchScreen.storyboard */ = {
			isa = PBXVariantGroup;
			children = (
				8DED3822211FE10A00534DD8 /* Base */,
			);
			name = LaunchScreen.storyboard;
			sourceTree = "<group>";
		};
/* End PBXVariantGroup section */

/* Begin XCBuildConfiguration section */
		8DED3825211FE10A00534DD8 /* Debug */ = {
			isa = XCBuildConfiguration;
			buildSettings = {
				ALWAYS_SEARCH_USER_PATHS = NO;
				CLANG_ANALYZER_NONNULL = YES;
				CLANG_ANALYZER_NUMBER_OBJECT_CONVERSION = YES_AGGRESSIVE;
				CLANG_CXX_LANGUAGE_STANDARD = "gnu++14";
				CLANG_CXX_LIBRARY = "libc++";
				CLANG_ENABLE_MODULES = YES;
				CLANG_ENABLE_OBJC_ARC = YES;
				CLANG_ENABLE_OBJC_WEAK = YES;
				CLANG_WARN_BLOCK_CAPTURE_AUTORELEASING = YES;
				CLANG_WARN_BOOL_CONVERSION = YES;
				CLANG_WARN_COMMA = YES;
				CLANG_WARN_CONSTANT_CONVERSION = YES;
				CLANG_WARN_DEPRECATED_OBJC_IMPLEMENTATIONS = YES;
				CLANG_WARN_DIRECT_OBJC_ISA_USAGE = YES_ERROR;
				CLANG_WARN_DOCUMENTATION_COMMENTS = YES;
				CLANG_WARN_EMPTY_BODY = YES;
				CLANG_WARN_ENUM_CONVERSION = YES;
				CLANG_WARN_INFINITE_RECURSION = YES;
				CLANG_WARN_INT_CONVERSION = YES;
				CLANG_WARN_NON_LITERAL_NULL_CONVERSION = YES;
				CLANG_WARN_OBJC_IMPLICIT_RETAIN_SELF = YES;
				CLANG_WARN_OBJC_LITERAL_CONVERSION = YES;
				CLANG_WARN_OBJC_ROOT_CLASS = YES_ERROR;
				CLANG_WARN_RANGE_LOOP_ANALYSIS = YES;
				CLANG_WARN_STRICT_PROTOTYPES = YES;
				CLANG_WARN_SUSPICIOUS_MOVE = YES;
				CLANG_WARN_UNGUARDED_AVAILABILITY = YES_AGGRESSIVE;
				CLANG_WARN_UNREACHABLE_CODE = YES;
				CLANG_WARN__DUPLICATE_METHOD_MATCH = YES;
				CODE_SIGN_IDENTITY = "iPhone Developer";
				COPY_PHASE_STRIP = NO;
				DEBUG_INFORMATION_FORMAT = dwarf;
				ENABLE_STRICT_OBJC_MSGSEND = YES;
				ENABLE_TESTABILITY = YES;
				GCC_C_LANGUAGE_STANDARD = gnu11;
				GCC_DYNAMIC_NO_PIC = NO;
				GCC_NO_COMMON_BLOCKS = YES;
				GCC_OPTIMIZATION_LEVEL = 0;
				GCC_PREPROCESSOR_DEFINITIONS = (
					"DEBUG=1",
					"$(inherited)",
				);
				GCC_WARN_64_TO_32_BIT_CONVERSION = YES;
				GCC_WARN_ABOUT_RETURN_TYPE = YES_ERROR;
				GCC_WARN_UNDECLARED_SELECTOR = YES;
				GCC_WARN_UNINITIALIZED_AUTOS = YES_AGGRESSIVE;
				GCC_WARN_UNUSED_FUNCTION = YES;
				GCC_WARN_UNUSED_VARIABLE = YES;
				IPHONEOS_DEPLOYMENT_TARGET = 11.4;
				MTL_ENABLE_DEBUG_INFO = YES;
				ONLY_ACTIVE_ARCH = YES;
				SDKROOT = iphoneos;
				SWIFT_ACTIVE_COMPILATION_CONDITIONS = DEBUG;
				SWIFT_OPTIMIZATION_LEVEL = "-Onone";
			};
			name = Debug;
		};
		8DED3826211FE10A00534DD8 /* Release */ = {
			isa = XCBuildConfiguration;
			buildSettings = {
				ALWAYS_SEARCH_USER_PATHS = NO;
				CLANG_ANALYZER_NONNULL = YES;
				CLANG_ANALYZER_NUMBER_OBJECT_CONVERSION = YES_AGGRESSIVE;
				CLANG_CXX_LANGUAGE_STANDARD = "gnu++14";
				CLANG_CXX_LIBRARY = "libc++";
				CLANG_ENABLE_MODULES = YES;
				CLANG_ENABLE_OBJC_ARC = YES;
				CLANG_ENABLE_OBJC_WEAK = YES;
				CLANG_WARN_BLOCK_CAPTURE_AUTORELEASING = YES;
				CLANG_WARN_BOOL_CONVERSION = YES;
				CLANG_WARN_COMMA = YES;
				CLANG_WARN_CONSTANT_CONVERSION = YES;
				CLANG_WARN_DEPRECATED_OBJC_IMPLEMENTATIONS = YES;
				CLANG_WARN_DIRECT_OBJC_ISA_USAGE = YES_ERROR;
				CLANG_WARN_DOCUMENTATION_COMMENTS = YES;
				CLANG_WARN_EMPTY_BODY = YES;
				CLANG_WARN_ENUM_CONVERSION = YES;
				CLANG_WARN_INFINITE_RECURSION = YES;
				CLANG_WARN_INT_CONVERSION = YES;
				CLANG_WARN_NON_LITERAL_NULL_CONVERSION = YES;
				CLANG_WARN_OBJC_IMPLICIT_RETAIN_SELF = YES;
				CLANG_WARN_OBJC_LITERAL_CONVERSION = YES;
				CLANG_WARN_OBJC_ROOT_CLASS = YES_ERROR;
				CLANG_WARN_RANGE_LOOP_ANALYSIS = YES;
				CLANG_WARN_STRICT_PROTOTYPES = YES;
				CLANG_WARN_SUSPICIOUS_MOVE = YES;
				CLANG_WARN_UNGUARDED_AVAILABILITY = YES_AGGRESSIVE;
				CLANG_WARN_UNREACHABLE_CODE = YES;
				CLANG_WARN__DUPLICATE_METHOD_MATCH = YES;
				CODE_SIGN_IDENTITY = "iPhone Developer";
				COPY_PHASE_STRIP = NO;
				DEBUG_INFORMATION_FORMAT = "dwarf-with-dsym";
				ENABLE_NS_ASSERTIONS = NO;
				ENABLE_STRICT_OBJC_MSGSEND = YES;
				GCC_C_LANGUAGE_STANDARD = gnu11;
				GCC_NO_COMMON_BLOCKS = YES;
				GCC_WARN_64_TO_32_BIT_CONVERSION = YES;
				GCC_WARN_ABOUT_RETURN_TYPE = YES_ERROR;
				GCC_WARN_UNDECLARED_SELECTOR = YES;
				GCC_WARN_UNINITIALIZED_AUTOS = YES_AGGRESSIVE;
				GCC_WARN_UNUSED_FUNCTION = YES;
				GCC_WARN_UNUSED_VARIABLE = YES;
				IPHONEOS_DEPLOYMENT_TARGET = 11.4;
				MTL_ENABLE_DEBUG_INFO = NO;
				SDKROOT = iphoneos;
				SWIFT_COMPILATION_MODE = wholemodule;
				SWIFT_OPTIMIZATION_LEVEL = "-O";
				VALIDATE_PRODUCT = YES;
			};
			name = Release;
		};
		8DED3828211FE10A00534DD8 /* Debug */ = {
			isa = XCBuildConfiguration;
			baseConfigurationReference = 3C6F883A505C7DE20EF8BFE1 /* Pods-realmMigration.debug.xcconfig */;
			buildSettings = {
				ASSETCATALOG_COMPILER_APPICON_NAME = AppIcon;
				CODE_SIGN_STYLE = Automatic;
				DEVELOPMENT_TEAM = 79E68ZK73C;
				INFOPLIST_FILE = realmMigration/Info.plist;
				LD_RUNPATH_SEARCH_PATHS = (
					"$(inherited)",
					"@executable_path/Frameworks",
				);
				PRODUCT_BUNDLE_IDENTIFIER = tw.com.shaojen.realmMigration;
				PRODUCT_NAME = "$(TARGET_NAME)";
				SWIFT_VERSION = 4.0;
				TARGETED_DEVICE_FAMILY = "1,2";
			};
			name = Debug;
		};
		8DED3829211FE10A00534DD8 /* Release */ = {
			isa = XCBuildConfiguration;
			baseConfigurationReference = 71F2D5BEC899D140C8FFE295 /* Pods-realmMigration.release.xcconfig */;
			buildSettings = {
				ASSETCATALOG_COMPILER_APPICON_NAME = AppIcon;
				CODE_SIGN_STYLE = Automatic;
				DEVELOPMENT_TEAM = 79E68ZK73C;
				INFOPLIST_FILE = realmMigration/Info.plist;
				LD_RUNPATH_SEARCH_PATHS = (
					"$(inherited)",
					"@executable_path/Frameworks",
				);
				PRODUCT_BUNDLE_IDENTIFIER = tw.com.shaojen.realmMigration;
				PRODUCT_NAME = "$(TARGET_NAME)";
				SWIFT_VERSION = 4.0;
				TARGETED_DEVICE_FAMILY = "1,2";
			};
			name = Release;
		};
/* End XCBuildConfiguration section */

/* Begin XCConfigurationList section */
		8DED3810211FE10900534DD8 /* Build configuration list for PBXProject "realmMigration" */ = {
			isa = XCConfigurationList;
			buildConfigurations = (
				8DED3825211FE10A00534DD8 /* Debug */,
				8DED3826211FE10A00534DD8 /* Release */,
			);
			defaultConfigurationIsVisible = 0;
			defaultConfigurationName = Release;
		};
		8DED3827211FE10A00534DD8 /* Build configuration list for PBXNativeTarget "realmMigration" */ = {
			isa = XCConfigurationList;
			buildConfigurations = (
				8DED3828211FE10A00534DD8 /* Debug */,
				8DED3829211FE10A00534DD8 /* Release */,
			);
			defaultConfigurationIsVisible = 0;
			defaultConfigurationName = Release;
		};
/* End XCConfigurationList section */
	};
	rootObject = 8DED380D211FE10900534DD8 /* Project object */;
}
